
Microsoft Visual Studio Solution File, Format Version 12.00
# Visual Studio Version 17
VisualStudioVersion = 17.0.31612.314
MinimumVisualStudioVersion = 10.0.40219.1
Project("{FAE04EC0-301F-11D3-BF4B-00C04F79EFBC}") = "High.School.RecordKeepingApi", "High.School.RecordKeepingApi\High.School.RecordKeepingApi.csproj", "{12AF00A9-F4ED-40A6-A0E3-483C0D459EE9}"
EndProject
Global
	GlobalSection(SolutionConfigurationPlatforms) = preSolution
		Debug|Any CPU = Debug|Any CPU
		Release|Any CPU = Release|Any CPU
	EndGlobalSection
	GlobalSection(ProjectConfigurationPlatforms) = postSolution
		{12AF00A9-F4ED-40A6-A0E3-483C0D459EE9}.Debug|Any CPU.ActiveCfg = Debug|Any CPU
		{12AF00A9-F4ED-40A6-A0E3-483C0D459EE9}.Debug|Any CPU.Build.0 = Debug|Any CPU
		{12AF00A9-F4ED-40A6-A0E3-483C0D459EE9}.Release|Any CPU.ActiveCfg = Release|Any CPU
		{12AF00A9-F4ED-40A6-A0E3-483C0D459EE9}.Release|Any CPU.Build.0 = Release|Any CPU
	EndGlobalSection
	GlobalSection(SolutionProperties) = preSolution
		HideSolutionNode = FALSE
	EndGlobalSection
	GlobalSection(ExtensibilityGlobals) = postSolution
		SolutionGuid = {4514F5A5-5B79-464C-A667-3FD94CB956EE}
	EndGlobalSection
EndGlobal
